
Microsoft Visual Studio Solution File, Format Version 12.00
# Visual Studio 2013
VisualStudioVersion = 12.0.40629.0
MinimumVisualStudioVersion = 10.0.40219.1
Project("{FAE04EC0-301F-11D3-BF4B-00C04F79EFBC}") = "MvcBook", "MvcBook\MvcBook.csproj", "{A4AC43AE-AB1B-4427-A645-B3D703077450}"
EndProject
Project("{2150E333-8FDC-42A3-9474-1A3956D46DE8}") = "PublishScripts", "PublishScripts", "{E59CAC49-25F5-4E15-836D-6CF6BC2E0D73}"
	ProjectSection(SolutionItems) = preProject
		PublishScripts\AzureWebsitePublishModule.psm1 = PublishScripts\AzureWebsitePublishModule.psm1
		PublishScripts\Publish-WebApplicationWebsite.ps1 = PublishScripts\Publish-WebApplicationWebsite.ps1
	EndProjectSection
EndProject
Project("{2150E333-8FDC-42A3-9474-1A3956D46DE8}") = "Configurations", "Configurations", "{C0490D1E-C884-4FE9-B6D3-311E2404C1B1}"
	ProjectSection(SolutionItems) = preProject
		PublishScripts\Configurations\MvcBook-WAWS-dev.json = PublishScripts\Configurations\MvcBook-WAWS-dev.json
	EndProjectSection
EndProject
Global
	GlobalSection(SolutionConfigurationPlatforms) = preSolution
		Debug|Any CPU = Debug|Any CPU
		Release|Any CPU = Release|Any CPU
	EndGlobalSection
	GlobalSection(ProjectConfigurationPlatforms) = postSolution
		{A4AC43AE-AB1B-4427-A645-B3D703077450}.Debug|Any CPU.ActiveCfg = Debug|Any CPU
		{A4AC43AE-AB1B-4427-A645-B3D703077450}.Debug|Any CPU.Build.0 = Debug|Any CPU
		{A4AC43AE-AB1B-4427-A645-B3D703077450}.Release|Any CPU.ActiveCfg = Release|Any CPU
		{A4AC43AE-AB1B-4427-A645-B3D703077450}.Release|Any CPU.Build.0 = Release|Any CPU
	EndGlobalSection
	GlobalSection(SolutionProperties) = preSolution
		HideSolutionNode = FALSE
	EndGlobalSection
	GlobalSection(NestedProjects) = preSolution
		{C0490D1E-C884-4FE9-B6D3-311E2404C1B1} = {E59CAC49-25F5-4E15-836D-6CF6BC2E0D73}
	EndGlobalSection
EndGlobal
